
Microsoft Visual Studio Solution File, Format Version 12.00
# Visual Studio Version 17
VisualStudioVersion = 17.4.33213.308
MinimumVisualStudioVersion = 10.0.40219.1
Project("{FAE04EC0-301F-11D3-BF4B-00C04F79EFBC}") = "第一題", "第一題\第一題.csproj", "{36635C28-147B-4108-8C82-04366021C37C}"
EndProject
Project("{FAE04EC0-301F-11D3-BF4B-00C04F79EFBC}") = "第二題", "第二題\第二題.csproj", "{07848904-C048-4DEA-A19A-C710DCA171BD}"
EndProject
Global
	GlobalSection(SolutionConfigurationPlatforms) = preSolution
		Debug|Any CPU = Debug|Any CPU
		Release|Any CPU = Release|Any CPU
	EndGlobalSection
	GlobalSection(ProjectConfigurationPlatforms) = postSolution
		{36635C28-147B-4108-8C82-04366021C37C}.Debug|Any CPU.ActiveCfg = Debug|Any CPU
		{36635C28-147B-4108-8C82-04366021C37C}.Debug|Any CPU.Build.0 = Debug|Any CPU
		{36635C28-147B-4108-8C82-04366021C37C}.Release|Any CPU.ActiveCfg = Release|Any CPU
		{36635C28-147B-4108-8C82-04366021C37C}.Release|Any CPU.Build.0 = Release|Any CPU
		{07848904-C048-4DEA-A19A-C710DCA171BD}.Debug|Any CPU.ActiveCfg = Debug|Any CPU
		{07848904-C048-4DEA-A19A-C710DCA171BD}.Debug|Any CPU.Build.0 = Debug|Any CPU
		{07848904-C048-4DEA-A19A-C710DCA171BD}.Release|Any CPU.ActiveCfg = Release|Any CPU
		{07848904-C048-4DEA-A19A-C710DCA171BD}.Release|Any CPU.Build.0 = Release|Any CPU
	EndGlobalSection
	GlobalSection(SolutionProperties) = preSolution
		HideSolutionNode = FALSE
	EndGlobalSection
	GlobalSection(ExtensibilityGlobals) = postSolution
		SolutionGuid = {96B44483-F686-49A7-8326-98B0094EDDB6}
	EndGlobalSection
EndGlobal
